<?xml version="1.0" encoding="utf-8"?>
<Project ToolsVersion="4.0" xmlns="http://schemas.microsoft.com/developer/msbuild/2003">
  <ItemGroup>
    <Filter Include="Source Files">
      <UniqueIdentifier>{4FC737F1-C7A5-4376-A066-2A32D752A2FF}</UniqueIdentifier>
      <Extensions>cpp;c;cc;cxx;def;odl;idl;hpj;bat;asm;asmx</Extensions>
    </Filter>
    <Filter Include="Header Files">
      <UniqueIdentifier>{93995380-89BD-4b04-88EB-625FBE52EBFB}</UniqueIdentifier>
      <Extensions>h;hh;hpp;hxx;hm;inl;inc;xsd</Extensions>
    </Filter>
    <Filter Include="Resource Files">
      <UniqueIdentifier>{67DA6AB6-F800-4c08-8B7A-83BB121AAD01}</UniqueIdentifier>
      <Extensions>rc;ico;cur;bmp;dlg;rc2;rct;bin;rgs;gif;jpg;jpeg;jpe;resx;tiff;tif;png;wav;mfcribbon-ms</Extensions>
    </Filter>
  </ItemGroup>
  <ItemGroup>
    <Text Include="ReadMe.txt" />
  </ItemGroup>
  <ItemGroup>
    <ClInclude Include="stdafx.h">
      <Filter>Header Files</Filter>
    </ClInclude>
    <ClInclude Include="targetver.h">
      <Filter>Header Files</Filter>
    </ClInclude>
    <ClInclude Include="HoleFiller.hh">
      <Filter>Header Files</Filter>
    </ClInclude>
    <ClInclude Include="OpenMeshUtils.hh">
      <Filter>Header Files</Filter>
    </ClInclude>
  </ItemGroup>
  <ItemGroup>
    <ClCompile Include="stdafx.cpp">
      <Filter>Source Files</Filter>
    </ClCompile>
    <ClCompile Include="holefill.cc">
      <Filter>Source Files</Filter>
    </ClCompile>
    <ClCompile Include="HoleFiller.cc">
      <Filter>Source Files</Filter>
    </ClCompile>
    <ClCompile Include="OpenMesh\Core\IO\BinaryHelper.cc">
      <Filter>Source Files</Filter>
    </ClCompile>
    <ClCompile Include="OpenMesh\Core\IO\IOManager.cc">
      <Filter>Source Files</Filter>
    </ClCompile>
    <ClCompile Include="OpenMesh\Core\IO\OMFormat.cc">
      <Filter>Source Files</Filter>
    </ClCompile>
    <ClCompile Include="OpenMesh\Core\IO\reader\BaseReader.cc">
      <Filter>Source Files</Filter>
    </ClCompile>
    <ClCompile Include="OpenMesh\Core\IO\reader\OBJReader.cc">
      <Filter>Source Files</Filter>
    </ClCompile>
    <ClCompile Include="OpenMesh\Core\IO\reader\OFFReader.cc">
      <Filter>Source Files</Filter>
    </ClCompile>
    <ClCompile Include="OpenMesh\Core\IO\reader\OMReader.cc">
      <Filter>Source Files</Filter>
    </ClCompile>
    <ClCompile Include="OpenMesh\Core\IO\reader\STLReader.cc">
      <Filter>Source Files</Filter>
    </ClCompile>
    <ClCompile Include="OpenMesh\Core\IO\writer\BaseWriter.cc">
      <Filter>Source Files</Filter>
    </ClCompile>
    <ClCompile Include="OpenMesh\Core\IO\writer\OBJWriter.cc">
      <Filter>Source Files</Filter>
    </ClCompile>
    <ClCompile Include="OpenMesh\Core\IO\writer\OFFWriter.cc">
      <Filter>Source Files</Filter>
    </ClCompile>
    <ClCompile Include="OpenMesh\Core\IO\writer\OMWriter.cc">
      <Filter>Source Files</Filter>
    </ClCompile>
    <ClCompile Include="OpenMesh\Core\IO\writer\STLWriter.cc">
      <Filter>Source Files</Filter>
    </ClCompile>
    <ClCompile Include="OpenMesh\Core\Mesh\PolyMeshT.cc">
      <Filter>Source Files</Filter>
    </ClCompile>
    <ClCompile Include="OpenMesh\Core\Mesh\TriMeshT.cc">
      <Filter>Source Files</Filter>
    </ClCompile>
    <ClCompile Include="OpenMesh\Core\Mesh\Kernels\Common\BaseKernel.cc">
      <Filter>Source Files</Filter>
    </ClCompile>
    <ClCompile Include="OpenMesh\Core\System\omstream.cc">
      <Filter>Source Files</Filter>
    </ClCompile>
    <ClCompile Include="OpenMesh\Core\Utils\BaseProperty.cc">
      <Filter>Source Files</Filter>
    </ClCompile>
    <ClCompile Include="OpenMesh\Core\Utils\Endian.cc">
      <Filter>Source Files</Filter>
    </ClCompile>
    <ClCompile Include="OpenMesh\Core\Utils\SingletonT.cc">
      <Filter>Source Files</Filter>
    </ClCompile>
  </ItemGroup>
</Project>